<?xml version="1.0" encoding="utf-8"?>
<Project ToolsVersion="4.0" xmlns="http://schemas.microsoft.com/developer/msbuild/2003">
  <ItemGroup>
    <Filter Include="Source Files">
      <UniqueIdentifier>{4FC737F1-C7A5-4376-A066-2A32D752A2FF}</UniqueIdentifier>
      <Extensions>cpp;c;cc;cxx;def;odl;idl;hpj;bat;asm;asmx</Extensions>
    </Filter>
    <Filter Include="Header Files">
      <UniqueIdentifier>{93995380-89BD-4b04-88EB-625FBE52EBFB}</UniqueIdentifier>
      <Extensions>h;hh;hpp;hxx;hm;inl;inc;xsd</Extensions>
    </Filter>
    <Filter Include="Resource Files">
      <UniqueIdentifier>{67DA6AB6-F800-4c08-8B7A-83BB121AAD01}</UniqueIdentifier>
      <Extensions>rc;ico;cur;bmp;dlg;rc2;rct;bin;rgs;gif;jpg;jpeg;jpe;resx;tiff;tif;png;wav;mfcribbon-ms</Extensions>
    </Filter>
  </ItemGroup>
  <ItemGroup>
    <ClInclude Include="src\gmRender.h">
      <Filter>Header Files</Filter>
    </ClInclude>
    <ClInclude Include="src\gmDice.h">
      <Filter>Header Files</Filter>
    </ClInclude>
    <ClInclude Include="src\gmTile.h">
      <Filter>Header Files</Filter>
    </ClInclude>
    <ClInclude Include="src\gmThing.h">
      <Filter>Header Files</Filter>
    </ClInclude>
    <ClInclude Include="src\gmAi.h">
      <Filter>Header Files</Filter>
    </ClInclude>
    <ClInclude Include="src\gmMap.h">
      <Filter>Header Files</Filter>
    </ClInclude>
    <ClInclude Include="src\fov.h">
      <Filter>Header Files</Filter>
    </ClInclude>
    <ClInclude Include="src\gmFov.h">
      <Filter>Header Files</Filter>
    </ClInclude>
    <ClInclude Include="src\gmContainer.h">
      <Filter>Header Files</Filter>
    </ClInclude>
    <ClInclude Include="src\gmInterface.h">
      <Filter>Header Files</Filter>
    </ClInclude>
    <ClInclude Include="src\gmEquipment.h">
      <Filter>Header Files</Filter>
    </ClInclude>
    <ClInclude Include="src\gmBodyPart.h">
      <Filter>Header Files</Filter>
    </ClInclude>
    <ClInclude Include="src\dataThings.h">
      <Filter>Header Files</Filter>
    </ClInclude>
    <ClInclude Include="src\gmItem.h">
      <Filter>Header Files</Filter>
    </ClInclude>
    <ClInclude Include="src\gmToss.h">
      <Filter>Header Files</Filter>
    </ClInclude>
    <ClInclude Include="src\gmLocale.h">
      <Filter>Header Files</Filter>
    </ClInclude>
    <ClInclude Include="src\gmWorldMap.h">
      <Filter>Header Files</Filter>
    </ClInclude>
    <ClInclude Include="src\gmGrab.h">
      <Filter>Header Files</Filter>
    </ClInclude>
    <ClInclude Include="src\gmMaterial.h">
      <Filter>Header Files</Filter>
    </ClInclude>
  </ItemGroup>
  <ItemGroup>
    <ClCompile Include="src\fov.c">
      <Filter>Header Files</Filter>
    </ClCompile>
    <ClCompile Include="src\main.cpp">
      <Filter>Source Files</Filter>
    </ClCompile>
  </ItemGroup>
  <ItemGroup>
    <Font Include="res\ARIALNBI.TTF">
      <Filter>Resource Files</Filter>
    </Font>
    <Font Include="res\ARIALNI.TTF">
      <Filter>Resource Files</Filter>
    </Font>
    <Font Include="res\ariblk.ttf">
      <Filter>Resource Files</Filter>
    </Font>
    <Font Include="res\arial.ttf">
      <Filter>Resource Files</Filter>
    </Font>
    <Font Include="res\arialbd.ttf">
      <Filter>Resource Files</Filter>
    </Font>
    <Font Include="res\arialbi.ttf">
      <Filter>Resource Files</Filter>
    </Font>
    <Font Include="res\ariali.ttf">
      <Filter>Resource Files</Filter>
    </Font>
    <Font Include="res\ARIALN.TTF">
      <Filter>Resource Files</Filter>
    </Font>
    <Font Include="res\ARIALNB.TTF">
      <Filter>Resource Files</Filter>
    </Font>
  </ItemGroup>
  <ItemGroup>
    <Image Include="res\background.png">
      <Filter>Resource Files</Filter>
    </Image>
    <Image Include="res\background-alternate.png">
      <Filter>Resource Files</Filter>
    </Image>
    <Image Include="res\background-black.png">
      <Filter>Resource Files</Filter>
    </Image>
    <Image Include="res\floor.png">
      <Filter>Resource Files</Filter>
    </Image>
    <Image Include="res\list-cursor.png">
      <Filter>Resource Files</Filter>
    </Image>
    <Image Include="res\mask.png">
      <Filter>Resource Files</Filter>
    </Image>
    <Image Include="res\message-log-background.png">
      <Filter>Resource Files</Filter>
    </Image>
    <Image Include="res\player.png">
      <Filter>Resource Files</Filter>
    </Image>
    <Image Include="res\side-panel-background.png">
      <Filter>Resource Files</Filter>
    </Image>
    <Image Include="res\test.png">
      <Filter>Resource Files</Filter>
    </Image>
    <Image Include="res\test2.png">
      <Filter>Resource Files</Filter>
    </Image>
    <Image Include="res\test3.png">
      <Filter>Resource Files</Filter>
    </Image>
    <Image Include="res\test4.png">
      <Filter>Resource Files</Filter>
    </Image>
    <Image Include="res\wall.png">
      <Filter>Resource Files</Filter>
    </Image>
  </ItemGroup>
</Project>